
Microsoft Visual Studio Solution File, Format Version 12.00
# Visual Studio Version 17
VisualStudioVersion = 17.13.35919.96 d17.13
MinimumVisualStudioVersion = 10.0.40219.1
Project("{FAE04EC0-301F-11D3-BF4B-00C04F79EFBC}") = "DigitalWatermark", "DigitalWatermark\DigitalWatermark.csproj", "{60610E1A-4C3A-48F6-9082-8900132CD540}"
EndProject
Global
	GlobalSection(SolutionConfigurationPlatforms) = preSolution
		Debug|Any CPU = Debug|Any CPU
		Release|Any CPU = Release|Any CPU
	EndGlobalSection
	GlobalSection(ProjectConfigurationPlatforms) = postSolution
		{60610E1A-4C3A-48F6-9082-8900132CD540}.Debug|Any CPU.ActiveCfg = Debug|Any CPU
		{60610E1A-4C3A-48F6-9082-8900132CD540}.Debug|Any CPU.Build.0 = Debug|Any CPU
		{60610E1A-4C3A-48F6-9082-8900132CD540}.Release|Any CPU.ActiveCfg = Release|Any CPU
		{60610E1A-4C3A-48F6-9082-8900132CD540}.Release|Any CPU.Build.0 = Release|Any CPU
	EndGlobalSection
	GlobalSection(SolutionProperties) = preSolution
		HideSolutionNode = FALSE
	EndGlobalSection
	GlobalSection(ExtensibilityGlobals) = postSolution
		SolutionGuid = {9A873B36-8C6F-40AF-8F81-61EB7B45A8E5}
	EndGlobalSection
EndGlobal
